
Microsoft Visual Studio Solution File, Format Version 12.00
# Visual Studio 15
VisualStudioVersion = 15.0.28010.2026
MinimumVisualStudioVersion = 10.0.40219.1
Project("{FAE04EC0-301F-11D3-BF4B-00C04F79EFBC}") = "Primes", "Primes\Primes.csproj", "{AE475114-6B24-4106-9B2C-DDCB0F4F1E58}"
EndProject
Global
	GlobalSection(SolutionConfigurationPlatforms) = preSolution
		Debug|Any CPU = Debug|Any CPU
		Release|Any CPU = Release|Any CPU
	EndGlobalSection
	GlobalSection(ProjectConfigurationPlatforms) = postSolution
		{AE475114-6B24-4106-9B2C-DDCB0F4F1E58}.Debug|Any CPU.ActiveCfg = Debug|Any CPU
		{AE475114-6B24-4106-9B2C-DDCB0F4F1E58}.Debug|Any CPU.Build.0 = Debug|Any CPU
		{AE475114-6B24-4106-9B2C-DDCB0F4F1E58}.Release|Any CPU.ActiveCfg = Release|Any CPU
		{AE475114-6B24-4106-9B2C-DDCB0F4F1E58}.Release|Any CPU.Build.0 = Release|Any CPU
	EndGlobalSection
	GlobalSection(SolutionProperties) = preSolution
		HideSolutionNode = FALSE
	EndGlobalSection
	GlobalSection(ExtensibilityGlobals) = postSolution
		SolutionGuid = {C3D3B288-78C8-4840-9357-39C21761C230}
	EndGlobalSection
EndGlobal
