
Microsoft Visual Studio Solution File, Format Version 12.00
# Visual Studio 15
VisualStudioVersion = 15.0.28010.2026
MinimumVisualStudioVersion = 10.0.40219.1
Project("{FAE04EC0-301F-11D3-BF4B-00C04F79EFBC}") = "WildCards", "WildCards\WildCards.csproj", "{0D78F668-5C30-48C3-8A6F-C0DB8B6EF58F}"
EndProject
Global
	GlobalSection(SolutionConfigurationPlatforms) = preSolution
		Debug|Any CPU = Debug|Any CPU
		Release|Any CPU = Release|Any CPU
	EndGlobalSection
	GlobalSection(ProjectConfigurationPlatforms) = postSolution
		{0D78F668-5C30-48C3-8A6F-C0DB8B6EF58F}.Debug|Any CPU.ActiveCfg = Debug|Any CPU
		{0D78F668-5C30-48C3-8A6F-C0DB8B6EF58F}.Debug|Any CPU.Build.0 = Debug|Any CPU
		{0D78F668-5C30-48C3-8A6F-C0DB8B6EF58F}.Release|Any CPU.ActiveCfg = Release|Any CPU
		{0D78F668-5C30-48C3-8A6F-C0DB8B6EF58F}.Release|Any CPU.Build.0 = Release|Any CPU
	EndGlobalSection
	GlobalSection(SolutionProperties) = preSolution
		HideSolutionNode = FALSE
	EndGlobalSection
	GlobalSection(ExtensibilityGlobals) = postSolution
		SolutionGuid = {DA5643C9-1740-4FDC-A0B3-F6FFB3DDF4E7}
	EndGlobalSection
EndGlobal
